
Microsoft Visual Studio Solution File, Format Version 12.00
# Visual Studio Version 17
VisualStudioVersion = 17.2.32526.322
MinimumVisualStudioVersion = 10.0.40219.1
Project("{FAE04EC0-301F-11D3-BF4B-00C04F79EFBC}") = "Clase 16 - Ejercicio", "Clase 16 - Ejercicio.csproj", "{BC0B5926-9E7C-47E4-94DF-248D25972BA4}"
EndProject
Global
	GlobalSection(SolutionConfigurationPlatforms) = preSolution
		Debug|Any CPU = Debug|Any CPU
		Release|Any CPU = Release|Any CPU
	EndGlobalSection
	GlobalSection(ProjectConfigurationPlatforms) = postSolution
		{BC0B5926-9E7C-47E4-94DF-248D25972BA4}.Debug|Any CPU.ActiveCfg = Debug|Any CPU
		{BC0B5926-9E7C-47E4-94DF-248D25972BA4}.Debug|Any CPU.Build.0 = Debug|Any CPU
		{BC0B5926-9E7C-47E4-94DF-248D25972BA4}.Release|Any CPU.ActiveCfg = Release|Any CPU
		{BC0B5926-9E7C-47E4-94DF-248D25972BA4}.Release|Any CPU.Build.0 = Release|Any CPU
	EndGlobalSection
	GlobalSection(SolutionProperties) = preSolution
		HideSolutionNode = FALSE
	EndGlobalSection
	GlobalSection(ExtensibilityGlobals) = postSolution
		SolutionGuid = {A0D52CD2-6F29-441F-B56B-57466EB427F7}
	EndGlobalSection
EndGlobal
