
Microsoft Visual Studio Solution File, Format Version 12.00
# Visual Studio Version 17
VisualStudioVersion = 17.2.32516.85
MinimumVisualStudioVersion = 10.0.40219.1
Project("{FAE04EC0-301F-11D3-BF4B-00C04F79EFBC}") = "Clase 9 - Ejercicio", "Clase 9 - Ejercicio.csproj", "{D3F9DB45-92E7-44F0-830D-7D09754205DD}"
EndProject
Global
	GlobalSection(SolutionConfigurationPlatforms) = preSolution
		Debug|Any CPU = Debug|Any CPU
		Release|Any CPU = Release|Any CPU
	EndGlobalSection
	GlobalSection(ProjectConfigurationPlatforms) = postSolution
		{D3F9DB45-92E7-44F0-830D-7D09754205DD}.Debug|Any CPU.ActiveCfg = Debug|Any CPU
		{D3F9DB45-92E7-44F0-830D-7D09754205DD}.Debug|Any CPU.Build.0 = Debug|Any CPU
		{D3F9DB45-92E7-44F0-830D-7D09754205DD}.Release|Any CPU.ActiveCfg = Release|Any CPU
		{D3F9DB45-92E7-44F0-830D-7D09754205DD}.Release|Any CPU.Build.0 = Release|Any CPU
	EndGlobalSection
	GlobalSection(SolutionProperties) = preSolution
		HideSolutionNode = FALSE
	EndGlobalSection
	GlobalSection(ExtensibilityGlobals) = postSolution
		SolutionGuid = {7CD8B4A1-28AF-423A-A494-85E68C7321E5}
	EndGlobalSection
EndGlobal
