
Microsoft Visual Studio Solution File, Format Version 12.00
# Visual Studio Version 17
VisualStudioVersion = 17.2.32516.85
MinimumVisualStudioVersion = 10.0.40219.1
Project("{FAE04EC0-301F-11D3-BF4B-00C04F79EFBC}") = "Clase 8 - Ejercicio", "Clase 8 - Ejercicio.csproj", "{A90CB4AD-6232-49FD-BC2A-DE625B2EEDA8}"
EndProject
Global
	GlobalSection(SolutionConfigurationPlatforms) = preSolution
		Debug|Any CPU = Debug|Any CPU
		Release|Any CPU = Release|Any CPU
	EndGlobalSection
	GlobalSection(ProjectConfigurationPlatforms) = postSolution
		{A90CB4AD-6232-49FD-BC2A-DE625B2EEDA8}.Debug|Any CPU.ActiveCfg = Debug|Any CPU
		{A90CB4AD-6232-49FD-BC2A-DE625B2EEDA8}.Debug|Any CPU.Build.0 = Debug|Any CPU
		{A90CB4AD-6232-49FD-BC2A-DE625B2EEDA8}.Release|Any CPU.ActiveCfg = Release|Any CPU
		{A90CB4AD-6232-49FD-BC2A-DE625B2EEDA8}.Release|Any CPU.Build.0 = Release|Any CPU
	EndGlobalSection
	GlobalSection(SolutionProperties) = preSolution
		HideSolutionNode = FALSE
	EndGlobalSection
	GlobalSection(ExtensibilityGlobals) = postSolution
		SolutionGuid = {31D838CA-CA80-4D42-8D6C-DB4E63327BE3}
	EndGlobalSection
EndGlobal
